PODS:
  - Alamofire (4.7.3)
  - CupertinoJWT (0.2.0)
  - Pastel (0.5.1)
  - SpotifyLogin (0.1.6)
  - SwiftFormat/CLI (0.35.3)
  - SwiftyJSON (4.2.0)

DEPENDENCIES:
  - Alamofire (~> 4.7)
  - CupertinoJWT
  - Pastel
  - SpotifyLogin (~> 0.1)
  - SwiftFormat/CLI
  - SwiftyJSON (~> 4.0)

SPEC REPOS:
  https://github.com/CocoaPods/Specs.git:
    - Alamofire
    - CupertinoJWT
    - Pastel
    - SpotifyLogin
    - SwiftFormat
    - SwiftyJSON

SPEC CHECKSUMS:
  Alamofire: c7287b6e5d7da964a70935e5db17046b7fde6568
  CupertinoJWT: f712fdc2cc422aac8daa301ad1dce05ea9f6b6d6
  Pastel: b3dd5b8d612dac06ae7c63c97c45c900829bc139
  SpotifyLogin: 9cdf82ff13e5f37e5ddc7fd07cf9793a9ebd1124
  SwiftFormat: 9f7dd8d3a5950546e27ca75f2038a3a0b8c3091b
  SwiftyJSON: c4bcba26dd9ec7a027fc8eade48e2c911f229e96

PODFILE CHECKSUM: b144ec7691e50dc2a3def69a0ff17587575e8bca

COCOAPODS: 1.8.4
